// !$*UTF8*$!
{
	archiveVersion = 1;
	classes = {
	};
	objectVersion = 46;
	objects = {

/* Begin PBXBuildFile section */
		1806C4501BB43BCC00CD7167 /* main.m in Sources */ = {isa = PBXBuildFile; fileRef = 1806C44F1BB43BCC00CD7167 /* main.m */; };
		1806C4531BB43BCC00CD7167 /* AppDelegate.m in Sources */ = {isa = PBXBuildFile; fileRef = 1806C4521BB43BCC00CD7167 /* AppDelegate.m */; };
		1806C4561BB43BCC00CD7167 /* ViewController.m in Sources */ = {isa = PBXBuildFile; fileRef = 1806C4551BB43BCC00CD7167 /* ViewController.m */; };
		1806C4591BB43BCC00CD7167 /* Main.storyboard in Resources */ = {isa = PBXBuildFile; fileRef = 1806C4571BB43BCC00CD7167 /* Main.storyboard */; };
		1806C45B1BB43BCC00CD7167 /* Images.xcassets in Resources */ = {isa = PBXBuildFile; fileRef = 1806C45A1BB43BCC00CD7167 /* Images.xcassets */; };
		1806C45E1BB43BCC00CD7167 /* LaunchScreen.xib in Resources */ = {isa = PBXBuildFile; fileRef = 1806C45C1BB43BCC00CD7167 /* LaunchScreen.xib */; };
		1806C46A1BB43BCC00CD7167 /* L17TypesTests.m in Sources */ = {isa = PBXBuildFile; fileRef = 1806C4691BB43BCC00CD7167 /* L17TypesTests.m */; };
/* End PBXBuildFile section */

/* Begin PBXContainerItemProxy section */
		1806C4641BB43BCC00CD7167 /* PBXContainerItemProxy */ = {
			isa = PBXContainerItemProxy;
			containerPortal = 1806C4421BB43BCC00CD7167 /* Project object */;
			proxyType = 1;
			remoteGlobalIDString = 1806C4491BB43BCC00CD7167;
			remoteInfo = L17Types;
		};
/* End PBXContainerItemProxy section */

/* Begin PBXFileReference section */
		1806C44A1BB43BCC00CD7167 /* L17Types.app */ = {isa = PBXFileReference; explicitFileType = wrapper.application; includeInIndex = 0; path = L17Types.app; sourceTree = BUILT_PRODUCTS_DIR; };
		1806C44E1BB43BCC00CD7167 /* Info.plist */ = {isa = PBXFileReference; lastKnownFileType = text.plist.xml; path = Info.plist; sourceTree = "<group>"; };
		1806C44F1BB43BCC00CD7167 /* main.m */ = {isa = PBXFileReference; lastKnownFileType = sourcecode.c.objc; path = main.m; sourceTree = "<group>"; };
		1806C4511BB43BCC00CD7167 /* AppDelegate.h */ = {isa = PBXFileReference; lastKnownFileType = sourcecode.c.h; path = AppDelegate.h; sourceTree = "<group>"; };
		1806C4521BB43BCC00CD7167 /* AppDelegate.m */ = {isa = PBXFileReference; lastKnownFileType = sourcecode.c.objc; path = AppDelegate.m; sourceTree = "<group>"; };
		1806C4541BB43BCC00CD7167 /* ViewController.h */ = {isa = PBXFileReference; lastKnownFileType = sourcecode.c.h; path = ViewController.h; sourceTree = "<group>"; };
		1806C4551BB43BCC00CD7167 /* ViewController.m */ = {isa = PBXFileReference; lastKnownFileType = sourcecode.c.objc; path = ViewController.m; sourceTree = "<group>"; };
		1806C4581BB43BCC00CD7167 /* Base */ = {isa = PBXFileReference; lastKnownFileType = file.storyboard; name = Base; path = Base.lproj/Main.storyboard; sourceTree = "<group>"; };
		1806C45A1BB43BCC00CD7167 /* Images.xcassets */ = {isa = PBXFileReference; lastKnownFileType = folder.assetcatalog; path = Images.xcassets; sourceTree = "<group>"; };
		1806C45D1BB43BCC00CD7167 /* Base */ = {isa = PBXFileReference; lastKnownFileType = file.xib; name = Base; path = Base.lproj/LaunchScreen.xib; sourceTree = "<group>"; };
		1806C4631BB43BCC00CD7167 /* L17TypesTests.xctest */ = {isa = PBXFileReference; explicitFileType = wrapper.cfbundle; includeInIndex = 0; path = L17TypesTests.xctest; sourceTree = BUILT_PRODUCTS_DIR; };
		1806C4681BB43BCC00CD7167 /* Info.plist */ = {isa = PBXFileReference; lastKnownFileType = text.plist.xml; path = Info.plist; sourceTree = "<group>"; };
		1806C4691BB43BCC00CD7167 /* L17TypesTests.m */ = {isa = PBXFileReference; lastKnownFileType = sourcecode.c.objc; path = L17TypesTests.m; sourceTree = "<group>"; };
/* End PBXFileReference section */

/* Begin PBXFrameworksBuildPhase section */
		1806C4471BB43BCC00CD7167 /* Frameworks */ = {
			isa = PBXFrameworksBuildPhase;
			buildActionMask = 2147483647;
			files = (
			);
			runOnlyForDeploymentPostprocessing = 0;
		};
		1806C4601BB43BCC00CD7167 /* Frameworks */ = {
			isa = PBXFrameworksBuildPhase;
			buildActionMask = 2147483647;
			files = (
			);
			runOnlyForDeploymentPostprocessing = 0;
		};
/* End PBXFrameworksBuildPhase section */

/* Begin PBXGroup section */
		1806C4411BB43BCC00CD7167 = {
			isa = PBXGroup;
			children = (
				1806C44C1BB43BCC00CD7167 /* L17Types */,
				1806C4661BB43BCC00CD7167 /* L17TypesTests */,
				1806C44B1BB43BCC00CD7167 /* Products */,
			);
			sourceTree = "<group>";
		};
		1806C44B1BB43BCC00CD7167 /* Products */ = {
			isa = PBXGroup;
			children = (
				1806C44A1BB43BCC00CD7167 /* L17Types.app */,
				1806C4631BB43BCC00CD7167 /* L17TypesTests.xctest */,
			);
			name = Products;
			sourceTree = "<group>";
		};
		1806C44C1BB43BCC00CD7167 /* L17Types */ = {
			isa = PBXGroup;
			children = (
				1806C4511BB43BCC00CD7167 /* AppDelegate.h */,
				1806C4521BB43BCC00CD7167 /* AppDelegate.m */,
				1806C4541BB43BCC00CD7167 /* ViewController.h */,
				1806C4551BB43BCC00CD7167 /* ViewController.m */,
				1806C4571BB43BCC00CD7167 /* Main.storyboard */,
				1806C45A1BB43BCC00CD7167 /* Images.xcassets */,
				1806C45C1BB43BCC00CD7167 /* LaunchScreen.xib */,
				1806C44D1BB43BCC00CD7167 /* Supporting Files */,
			);
			path = L17Types;
			sourceTree = "<group>";
		};
		1806C44D1BB43BCC00CD7167 /* Supporting Files */ = {
			isa = PBXGroup;
			children = (
				1806C44E1BB43BCC00CD7167 /* Info.plist */,
				1806C44F1BB43BCC00CD7167 /* main.m */,
			);
			name = "Supporting Files";
			sourceTree = "<group>";
		};
		1806C4661BB43BCC00CD7167 /* L17TypesTests */ = {
			isa = PBXGroup;
			children = (
				1806C4691BB43BCC00CD7167 /* L17TypesTests.m */,
				1806C4671BB43BCC00CD7167 /* Supporting Files */,
			);
			path = L17TypesTests;
			sourceTree = "<group>";
		};
		1806C4671BB43BCC00CD7167 /* Supporting Files */ = {
			isa = PBXGroup;
			children = (
				1806C4681BB43BCC00CD7167 /* Info.plist */,
			);
			name = "Supporting Files";
			sourceTree = "<group>";
		};
/* End PBXGroup section */

/* Begin PBXNativeTarget section */
		1806C4491BB43BCC00CD7167 /* L17Types */ = {
			isa = PBXNativeTarget;
			buildConfigurationList = 1806C46D1BB43BCC00CD7167 /* Build configuration list for PBXNativeTarget "L17Types" */;
			buildPhases = (
				1806C4461BB43BCC00CD7167 /* Sources */,
				1806C4471BB43BCC00CD7167 /* Frameworks */,
				1806C4481BB43BCC00CD7167 /* Resources */,
			);
			buildRules = (
			);
			dependencies = (
			);
			name = L17Types;
			productName = L17Types;
			productReference = 1806C44A1BB43BCC00CD7167 /* L17Types.app */;
			productType = "com.apple.product-type.application";
		};
		1806C4621BB43BCC00CD7167 /* L17TypesTests */ = {
			isa = PBXNativeTarget;
			buildConfigurationList = 1806C4701BB43BCC00CD7167 /* Build configuration list for PBXNativeTarget "L17TypesTests" */;
			buildPhases = (
				1806C45F1BB43BCC00CD7167 /* Sources */,
				1806C4601BB43BCC00CD7167 /* Frameworks */,
				1806C4611BB43BCC00CD7167 /* Resources */,
			);
			buildRules = (
			);
			dependencies = (
				1806C4651BB43BCC00CD7167 /* PBXTargetDependency */,
			);
			name = L17TypesTests;
			productName = L17TypesTests;
			productReference = 1806C4631BB43BCC00CD7167 /* L17TypesTests.xctest */;
			productType = "com.apple.product-type.bundle.unit-test";
		};
/* End PBXNativeTarget section */

/* Begin PBXProject section */
		1806C4421BB43BCC00CD7167 /* Project object */ = {
			isa = PBXProject;
			attributes = {
				LastUpgradeCheck = 0620;
				ORGANIZATIONNAME = figo;
				TargetAttributes = {
					1806C4491BB43BCC00CD7167 = {
						CreatedOnToolsVersion = 6.2;
					};
					1806C4621BB43BCC00CD7167 = {
						CreatedOnToolsVersion = 6.2;
						TestTargetID = 1806C4491BB43BCC00CD7167;
					};
				};
			};
			buildConfigurationList = 1806C4451BB43BCC00CD7167 /* Build configuration list for PBXProject "L17Types" */;
			compatibilityVersion = "Xcode 3.2";
			developmentRegion = English;
			hasScannedForEncodings = 0;
			knownRegions = (
				en,
				Base,
			);
			mainGroup = 1806C4411BB43BCC00CD7167;
			productRefGroup = 1806C44B1BB43BCC00CD7167 /* Products */;
			projectDirPath = "";
			projectRoot = "";
			targets = (
				1806C4491BB43BCC00CD7167 /* L17Types */,
				1806C4621BB43BCC00CD7167 /* L17TypesTests */,
			);
		};
/* End PBXProject section */

/* Begin PBXResourcesBuildPhase section */
		1806C4481BB43BCC00CD7167 /* Resources */ = {
			isa = PBXResourcesBuildPhase;
			buildActionMask = 2147483647;
			files = (
				1806C4591BB43BCC00CD7167 /* Main.storyboard in Resources */,
				1806C45E1BB43BCC00CD7167 /* LaunchScreen.xib in Resources */,
				1806C45B1BB43BCC00CD7167 /* Images.xcassets in Resources */,
			);
			runOnlyForDeploymentPostprocessing = 0;
		};
		1806C4611BB43BCC00CD7167 /* Resources */ = {
			isa = PBXResourcesBuildPhase;
			buildActionMask = 2147483647;
			files = (
			);
			runOnlyForDeploymentPostprocessing = 0;
		};
/* End PBXResourcesBuildPhase section */

/* Begin PBXSourcesBuildPhase section */
		1806C4461BB43BCC00CD7167 /* Sources */ = {
			isa = PBXSourcesBuildPhase;
			buildActionMask = 2147483647;
			files = (
				1806C4561BB43BCC00CD7167 /* ViewController.m in Sources */,
				1806C4531BB43BCC00CD7167 /* AppDelegate.m in Sources */,
				1806C4501BB43BCC00CD7167 /* main.m in Sources */,
			);
			runOnlyForDeploymentPostprocessing = 0;
		};
		1806C45F1BB43BCC00CD7167 /* Sources */ = {
			isa = PBXSourcesBuildPhase;
			buildActionMask = 2147483647;
			files = (
				1806C46A1BB43BCC00CD7167 /* L17TypesTests.m in Sources */,
			);
			runOnlyForDeploymentPostprocessing = 0;
		};
/* End PBXSourcesBuildPhase section */

/* Begin PBXTargetDependency section */
		1806C4651BB43BCC00CD7167 /* PBXTargetDependency */ = {
			isa = PBXTargetDependency;
			target = 1806C4491BB43BCC00CD7167 /* L17Types */;
			targetProxy = 1806C4641BB43BCC00CD7167 /* PBXContainerItemProxy */;
		};
/* End PBXTargetDependency section */

/* Begin PBXVariantGroup section */
		1806C4571BB43BCC00CD7167 /* Main.storyboard */ = {
			isa = PBXVariantGroup;
			children = (
				1806C4581BB43BCC00CD7167 /* Base */,
			);
			name = Main.storyboard;
			sourceTree = "<group>";
		};
		1806C45C1BB43BCC00CD7167 /* LaunchScreen.xib */ = {
			isa = PBXVariantGroup;
			children = (
				1806C45D1BB43BCC00CD7167 /* Base */,
			);
			name = LaunchScreen.xib;
			sourceTree = "<group>";
		};
/* End PBXVariantGroup section */

/* Begin XCBuildConfiguration section */
		1806C46B1BB43BCC00CD7167 /* Debug */ = {
			isa = XCBuildConfiguration;
			buildSettings = {
				ALWAYS_SEARCH_USER_PATHS = NO;
				CLANG_CXX_LANGUAGE_STANDARD = "gnu++0x";
				CLANG_CXX_LIBRARY = "libc++";
				CLANG_ENABLE_MODULES = YES;
				CLANG_ENABLE_OBJC_ARC = YES;
				CLANG_WARN_BOOL_CONVERSION = YES;
				CLANG_WARN_CONSTANT_CONVERSION = YES;
				CLANG_WARN_DIRECT_OBJC_ISA_USAGE = YES_ERROR;
				CLANG_WARN_EMPTY_BODY = YES;
				CLANG_WARN_ENUM_CONVERSION = YES;
				CLANG_WARN_INT_CONVERSION = YES;
				CLANG_WARN_OBJC_ROOT_CLASS = YES_ERROR;
				CLANG_WARN_UNREACHABLE_CODE = YES;
				CLANG_WARN__DUPLICATE_METHOD_MATCH = YES;
				"CODE_SIGN_IDENTITY[sdk=iphoneos*]" = "iPhone Developer";
				COPY_PHASE_STRIP = NO;
				ENABLE_STRICT_OBJC_MSGSEND = YES;
				GCC_C_LANGUAGE_STANDARD = gnu99;
				GCC_DYNAMIC_NO_PIC = NO;
				GCC_OPTIMIZATION_LEVEL = 0;
				GCC_PREPROCESSOR_DEFINITIONS = (
					"DEBUG=1",
					"$(inherited)",
				);
				GCC_SYMBOLS_PRIVATE_EXTERN = NO;
				GCC_WARN_64_TO_32_BIT_CONVERSION = YES;
				GCC_WARN_ABOUT_RETURN_TYPE = YES_ERROR;
				GCC_WARN_UNDECLARED_SELECTOR = YES;
				GCC_WARN_UNINITIALIZED_AUTOS = YES_AGGRESSIVE;
				GCC_WARN_UNUSED_FUNCTION = YES;
				GCC_WARN_UNUSED_VARIABLE = YES;
				IPHONEOS_DEPLOYMENT_TARGET = 8.2;
				MTL_ENABLE_DEBUG_INFO = YES;
				ONLY_ACTIVE_ARCH = YES;
				SDKROOT = iphoneos;
			};
			name = Debug;
		};
		1806C46C1BB43BCC00CD7167 /* Release */ = {
			isa = XCBuildConfiguration;
			buildSettings = {
				ALWAYS_SEARCH_USER_PATHS = NO;
				CLANG_CXX_LANGUAGE_STANDARD = "gnu++0x";
				CLANG_CXX_LIBRARY = "libc++";
				CLANG_ENABLE_MODULES = YES;
				CLANG_ENABLE_OBJC_ARC = YES;
				CLANG_WARN_BOOL_CONVERSION = YES;
				CLANG_WARN_CONSTANT_CONVERSION = YES;
				CLANG_WARN_DIRECT_OBJC_ISA_USAGE = YES_ERROR;
				CLANG_WARN_EMPTY_BODY = YES;
				CLANG_WARN_ENUM_CONVERSION = YES;
				CLANG_WARN_INT_CONVERSION = YES;
				CLANG_WARN_OBJC_ROOT_CLASS = YES_ERROR;
				CLANG_WARN_UNREACHABLE_CODE = YES;
				CLANG_WARN__DUPLICATE_METHOD_MATCH = YES;
				"CODE_SIGN_IDENTITY[sdk=iphoneos*]" = "iPhone Developer";
				COPY_PHASE_STRIP = NO;
				ENABLE_NS_ASSERTIONS = NO;
				ENABLE_STRICT_OBJC_MSGSEND = YES;
				GCC_C_LANGUAGE_STANDARD = gnu99;
				GCC_WARN_64_TO_32_BIT_CONVERSION = YES;
				GCC_WARN_ABOUT_RETURN_TYPE = YES_ERROR;
				GCC_WARN_UNDECLARED_SELECTOR = YES;
				GCC_WARN_UNINITIALIZED_AUTOS = YES_AGGRESSIVE;
				GCC_WARN_UNUSED_FUNCTION = YES;
				GCC_WARN_UNUSED_VARIABLE = YES;
				IPHONEOS_DEPLOYMENT_TARGET = 8.2;
				MTL_ENABLE_DEBUG_INFO = NO;
				SDKROOT = iphoneos;
				VALIDATE_PRODUCT = YES;
			};
			name = Release;
		};
		1806C46E1BB43BCC00CD7167 /* Debug */ = {
			isa = XCBuildConfiguration;
			buildSettings = {
				ASSETCATALOG_COMPILER_APPICON_NAME = AppIcon;
				INFOPLIST_FILE = L17Types/Info.plist;
				LD_RUNPATH_SEARCH_PATHS = "$(inherited) @executable_path/Frameworks";
				PRODUCT_NAME = "$(TARGET_NAME)";
			};
			name = Debug;
		};
		1806C46F1BB43BCC00CD7167 /* Release */ = {
			isa = XCBuildConfiguration;
			buildSettings = {
				ASSETCATALOG_COMPILER_APPICON_NAME = AppIcon;
				INFOPLIST_FILE = L17Types/Info.plist;
				LD_RUNPATH_SEARCH_PATHS = "$(inherited) @executable_path/Frameworks";
				PRODUCT_NAME = "$(TARGET_NAME)";
			};
			name = Release;
		};
		1806C4711BB43BCC00CD7167 /* Debug */ = {
			isa = XCBuildConfiguration;
			buildSettings = {
				BUNDLE_LOADER = "$(TEST_HOST)";
				FRAMEWORK_SEARCH_PATHS = (
					"$(SDKROOT)/Developer/Library/Frameworks",
					"$(inherited)",
				);
				GCC_PREPROCESSOR_DEFINITIONS = (
					"DEBUG=1",
					"$(inherited)",
				);
				INFOPLIST_FILE = L17TypesTests/Info.plist;
				LD_RUNPATH_SEARCH_PATHS = "$(inherited) @executable_path/Frameworks @loader_path/Frameworks";
				PRODUCT_NAME = "$(TARGET_NAME)";
				TEST_HOST = "$(BUILT_PRODUCTS_DIR)/L17Types.app/L17Types";
			};
			name = Debug;
		};
		1806C4721BB43BCC00CD7167 /* Release */ = {
			isa = XCBuildConfiguration;
			buildSettings = {
				BUNDLE_LOADER = "$(TEST_HOST)";
				FRAMEWORK_SEARCH_PATHS = (
					"$(SDKROOT)/Developer/Library/Frameworks",
					"$(inherited)",
				);
				INFOPLIST_FILE = L17TypesTests/Info.plist;
				LD_RUNPATH_SEARCH_PATHS = "$(inherited) @executable_path/Frameworks @loader_path/Frameworks";
				PRODUCT_NAME = "$(TARGET_NAME)";
				TEST_HOST = "$(BUILT_PRODUCTS_DIR)/L17Types.app/L17Types";
			};
			name = Release;
		};
/* End XCBuildConfiguration section */

/* Begin XCConfigurationList section */
		1806C4451BB43BCC00CD7167 /* Build configuration list for PBXProject "L17Types" */ = {
			isa = XCConfigurationList;
			buildConfigurations = (
				1806C46B1BB43BCC00CD7167 /* Debug */,
				1806C46C1BB43BCC00CD7167 /* Release */,
			);
			defaultConfigurationIsVisible = 0;
			defaultConfigurationName = Release;
		};
		1806C46D1BB43BCC00CD7167 /* Build configuration list for PBXNativeTarget "L17Types" */ = {
			isa = XCConfigurationList;
			buildConfigurations = (
				1806C46E1BB43BCC00CD7167 /* Debug */,
				1806C46F1BB43BCC00CD7167 /* Release */,
			);
			defaultConfigurationIsVisible = 0;
		};
		1806C4701BB43BCC00CD7167 /* Build configuration list for PBXNativeTarget "L17TypesTests" */ = {
			isa = XCConfigurationList;
			buildConfigurations = (
				1806C4711BB43BCC00CD7167 /* Debug */,
				1806C4721BB43BCC00CD7167 /* Release */,
			);
			defaultConfigurationIsVisible = 0;
		};
/* End XCConfigurationList section */
	};
	rootObject = 1806C4421BB43BCC00CD7167 /* Project object */;
}
