// !$*UTF8*$!
{
	archiveVersion = 1;
	classes = {
	};
	objectVersion = 46;
	objects = {

/* Begin PBXBuildFile section */
		1834407E1BB2E8AE004FD207 /* main.m in Sources */ = {isa = PBXBuildFile; fileRef = 1834407D1BB2E8AE004FD207 /* main.m */; };
		183440811BB2E8AE004FD207 /* AppDelegate.m in Sources */ = {isa = PBXBuildFile; fileRef = 183440801BB2E8AE004FD207 /* AppDelegate.m */; };
		183440841BB2E8AE004FD207 /* ViewController.m in Sources */ = {isa = PBXBuildFile; fileRef = 183440831BB2E8AE004FD207 /* ViewController.m */; };
		183440871BB2E8AE004FD207 /* Main.storyboard in Resources */ = {isa = PBXBuildFile; fileRef = 183440851BB2E8AE004FD207 /* Main.storyboard */; };
		183440891BB2E8AE004FD207 /* Images.xcassets in Resources */ = {isa = PBXBuildFile; fileRef = 183440881BB2E8AE004FD207 /* Images.xcassets */; };
		1834408C1BB2E8AE004FD207 /* LaunchScreen.xib in Resources */ = {isa = PBXBuildFile; fileRef = 1834408A1BB2E8AE004FD207 /* LaunchScreen.xib */; };
		183440981BB2E8AE004FD207 /* L05IncludeTests.m in Sources */ = {isa = PBXBuildFile; fileRef = 183440971BB2E8AE004FD207 /* L05IncludeTests.m */; };
		183440A31BB2E928004FD207 /* Hi.c in Sources */ = {isa = PBXBuildFile; fileRef = 183440A21BB2E928004FD207 /* Hi.c */; };
/* End PBXBuildFile section */

/* Begin PBXContainerItemProxy section */
		183440921BB2E8AE004FD207 /* PBXContainerItemProxy */ = {
			isa = PBXContainerItemProxy;
			containerPortal = 183440701BB2E8AE004FD207 /* Project object */;
			proxyType = 1;
			remoteGlobalIDString = 183440771BB2E8AE004FD207;
			remoteInfo = L05Include;
		};
/* End PBXContainerItemProxy section */

/* Begin PBXFileReference section */
		183440781BB2E8AE004FD207 /* L05Include.app */ = {isa = PBXFileReference; explicitFileType = wrapper.application; includeInIndex = 0; path = L05Include.app; sourceTree = BUILT_PRODUCTS_DIR; };
		1834407C1BB2E8AE004FD207 /* Info.plist */ = {isa = PBXFileReference; lastKnownFileType = text.plist.xml; path = Info.plist; sourceTree = "<group>"; };
		1834407D1BB2E8AE004FD207 /* main.m */ = {isa = PBXFileReference; lastKnownFileType = sourcecode.c.objc; path = main.m; sourceTree = "<group>"; };
		1834407F1BB2E8AE004FD207 /* AppDelegate.h */ = {isa = PBXFileReference; lastKnownFileType = sourcecode.c.h; path = AppDelegate.h; sourceTree = "<group>"; };
		183440801BB2E8AE004FD207 /* AppDelegate.m */ = {isa = PBXFileReference; lastKnownFileType = sourcecode.c.objc; path = AppDelegate.m; sourceTree = "<group>"; };
		183440821BB2E8AE004FD207 /* ViewController.h */ = {isa = PBXFileReference; lastKnownFileType = sourcecode.c.h; path = ViewController.h; sourceTree = "<group>"; };
		183440831BB2E8AE004FD207 /* ViewController.m */ = {isa = PBXFileReference; lastKnownFileType = sourcecode.c.objc; path = ViewController.m; sourceTree = "<group>"; };
		183440861BB2E8AE004FD207 /* Base */ = {isa = PBXFileReference; lastKnownFileType = file.storyboard; name = Base; path = Base.lproj/Main.storyboard; sourceTree = "<group>"; };
		183440881BB2E8AE004FD207 /* Images.xcassets */ = {isa = PBXFileReference; lastKnownFileType = folder.assetcatalog; path = Images.xcassets; sourceTree = "<group>"; };
		1834408B1BB2E8AE004FD207 /* Base */ = {isa = PBXFileReference; lastKnownFileType = file.xib; name = Base; path = Base.lproj/LaunchScreen.xib; sourceTree = "<group>"; };
		183440911BB2E8AE004FD207 /* L05IncludeTests.xctest */ = {isa = PBXFileReference; explicitFileType = wrapper.cfbundle; includeInIndex = 0; path = L05IncludeTests.xctest; sourceTree = BUILT_PRODUCTS_DIR; };
		183440961BB2E8AE004FD207 /* Info.plist */ = {isa = PBXFileReference; lastKnownFileType = text.plist.xml; path = Info.plist; sourceTree = "<group>"; };
		183440971BB2E8AE004FD207 /* L05IncludeTests.m */ = {isa = PBXFileReference; lastKnownFileType = sourcecode.c.objc; path = L05IncludeTests.m; sourceTree = "<group>"; };
		183440A11BB2E90C004FD207 /* Hi.h */ = {isa = PBXFileReference; lastKnownFileType = sourcecode.c.h; path = Hi.h; sourceTree = "<group>"; };
		183440A21BB2E928004FD207 /* Hi.c */ = {isa = PBXFileReference; fileEncoding = 4; lastKnownFileType = sourcecode.c.c; path = Hi.c; sourceTree = "<group>"; };
/* End PBXFileReference section */

/* Begin PBXFrameworksBuildPhase section */
		183440751BB2E8AE004FD207 /* Frameworks */ = {
			isa = PBXFrameworksBuildPhase;
			buildActionMask = 2147483647;
			files = (
			);
			runOnlyForDeploymentPostprocessing = 0;
		};
		1834408E1BB2E8AE004FD207 /* Frameworks */ = {
			isa = PBXFrameworksBuildPhase;
			buildActionMask = 2147483647;
			files = (
			);
			runOnlyForDeploymentPostprocessing = 0;
		};
/* End PBXFrameworksBuildPhase section */

/* Begin PBXGroup section */
		1834406F1BB2E8AE004FD207 = {
			isa = PBXGroup;
			children = (
				1834407A1BB2E8AE004FD207 /* L05Include */,
				183440941BB2E8AE004FD207 /* L05IncludeTests */,
				183440791BB2E8AE004FD207 /* Products */,
			);
			sourceTree = "<group>";
		};
		183440791BB2E8AE004FD207 /* Products */ = {
			isa = PBXGroup;
			children = (
				183440781BB2E8AE004FD207 /* L05Include.app */,
				183440911BB2E8AE004FD207 /* L05IncludeTests.xctest */,
			);
			name = Products;
			sourceTree = "<group>";
		};
		1834407A1BB2E8AE004FD207 /* L05Include */ = {
			isa = PBXGroup;
			children = (
				1834407F1BB2E8AE004FD207 /* AppDelegate.h */,
				183440801BB2E8AE004FD207 /* AppDelegate.m */,
				183440821BB2E8AE004FD207 /* ViewController.h */,
				183440831BB2E8AE004FD207 /* ViewController.m */,
				183440851BB2E8AE004FD207 /* Main.storyboard */,
				183440881BB2E8AE004FD207 /* Images.xcassets */,
				1834408A1BB2E8AE004FD207 /* LaunchScreen.xib */,
				1834407B1BB2E8AE004FD207 /* Supporting Files */,
				183440A11BB2E90C004FD207 /* Hi.h */,
				183440A21BB2E928004FD207 /* Hi.c */,
			);
			path = L05Include;
			sourceTree = "<group>";
		};
		1834407B1BB2E8AE004FD207 /* Supporting Files */ = {
			isa = PBXGroup;
			children = (
				1834407C1BB2E8AE004FD207 /* Info.plist */,
				1834407D1BB2E8AE004FD207 /* main.m */,
			);
			name = "Supporting Files";
			sourceTree = "<group>";
		};
		183440941BB2E8AE004FD207 /* L05IncludeTests */ = {
			isa = PBXGroup;
			children = (
				183440971BB2E8AE004FD207 /* L05IncludeTests.m */,
				183440951BB2E8AE004FD207 /* Supporting Files */,
			);
			path = L05IncludeTests;
			sourceTree = "<group>";
		};
		183440951BB2E8AE004FD207 /* Supporting Files */ = {
			isa = PBXGroup;
			children = (
				183440961BB2E8AE004FD207 /* Info.plist */,
			);
			name = "Supporting Files";
			sourceTree = "<group>";
		};
/* End PBXGroup section */

/* Begin PBXNativeTarget section */
		183440771BB2E8AE004FD207 /* L05Include */ = {
			isa = PBXNativeTarget;
			buildConfigurationList = 1834409B1BB2E8AE004FD207 /* Build configuration list for PBXNativeTarget "L05Include" */;
			buildPhases = (
				183440741BB2E8AE004FD207 /* Sources */,
				183440751BB2E8AE004FD207 /* Frameworks */,
				183440761BB2E8AE004FD207 /* Resources */,
			);
			buildRules = (
			);
			dependencies = (
			);
			name = L05Include;
			productName = L05Include;
			productReference = 183440781BB2E8AE004FD207 /* L05Include.app */;
			productType = "com.apple.product-type.application";
		};
		183440901BB2E8AE004FD207 /* L05IncludeTests */ = {
			isa = PBXNativeTarget;
			buildConfigurationList = 1834409E1BB2E8AE004FD207 /* Build configuration list for PBXNativeTarget "L05IncludeTests" */;
			buildPhases = (
				1834408D1BB2E8AE004FD207 /* Sources */,
				1834408E1BB2E8AE004FD207 /* Frameworks */,
				1834408F1BB2E8AE004FD207 /* Resources */,
			);
			buildRules = (
			);
			dependencies = (
				183440931BB2E8AE004FD207 /* PBXTargetDependency */,
			);
			name = L05IncludeTests;
			productName = L05IncludeTests;
			productReference = 183440911BB2E8AE004FD207 /* L05IncludeTests.xctest */;
			productType = "com.apple.product-type.bundle.unit-test";
		};
/* End PBXNativeTarget section */

/* Begin PBXProject section */
		183440701BB2E8AE004FD207 /* Project object */ = {
			isa = PBXProject;
			attributes = {
				LastUpgradeCheck = 0620;
				ORGANIZATIONNAME = figo;
				TargetAttributes = {
					183440771BB2E8AE004FD207 = {
						CreatedOnToolsVersion = 6.2;
					};
					183440901BB2E8AE004FD207 = {
						CreatedOnToolsVersion = 6.2;
						TestTargetID = 183440771BB2E8AE004FD207;
					};
				};
			};
			buildConfigurationList = 183440731BB2E8AE004FD207 /* Build configuration list for PBXProject "L05Include" */;
			compatibilityVersion = "Xcode 3.2";
			developmentRegion = English;
			hasScannedForEncodings = 0;
			knownRegions = (
				en,
				Base,
			);
			mainGroup = 1834406F1BB2E8AE004FD207;
			productRefGroup = 183440791BB2E8AE004FD207 /* Products */;
			projectDirPath = "";
			projectRoot = "";
			targets = (
				183440771BB2E8AE004FD207 /* L05Include */,
				183440901BB2E8AE004FD207 /* L05IncludeTests */,
			);
		};
/* End PBXProject section */

/* Begin PBXResourcesBuildPhase section */
		183440761BB2E8AE004FD207 /* Resources */ = {
			isa = PBXResourcesBuildPhase;
			buildActionMask = 2147483647;
			files = (
				183440871BB2E8AE004FD207 /* Main.storyboard in Resources */,
				1834408C1BB2E8AE004FD207 /* LaunchScreen.xib in Resources */,
				183440891BB2E8AE004FD207 /* Images.xcassets in Resources */,
			);
			runOnlyForDeploymentPostprocessing = 0;
		};
		1834408F1BB2E8AE004FD207 /* Resources */ = {
			isa = PBXResourcesBuildPhase;
			buildActionMask = 2147483647;
			files = (
			);
			runOnlyForDeploymentPostprocessing = 0;
		};
/* End PBXResourcesBuildPhase section */

/* Begin PBXSourcesBuildPhase section */
		183440741BB2E8AE004FD207 /* Sources */ = {
			isa = PBXSourcesBuildPhase;
			buildActionMask = 2147483647;
			files = (
				183440841BB2E8AE004FD207 /* ViewController.m in Sources */,
				183440811BB2E8AE004FD207 /* AppDelegate.m in Sources */,
				183440A31BB2E928004FD207 /* Hi.c in Sources */,
				1834407E1BB2E8AE004FD207 /* main.m in Sources */,
			);
			runOnlyForDeploymentPostprocessing = 0;
		};
		1834408D1BB2E8AE004FD207 /* Sources */ = {
			isa = PBXSourcesBuildPhase;
			buildActionMask = 2147483647;
			files = (
				183440981BB2E8AE004FD207 /* L05IncludeTests.m in Sources */,
			);
			runOnlyForDeploymentPostprocessing = 0;
		};
/* End PBXSourcesBuildPhase section */

/* Begin PBXTargetDependency section */
		183440931BB2E8AE004FD207 /* PBXTargetDependency */ = {
			isa = PBXTargetDependency;
			target = 183440771BB2E8AE004FD207 /* L05Include */;
			targetProxy = 183440921BB2E8AE004FD207 /* PBXContainerItemProxy */;
		};
/* End PBXTargetDependency section */

/* Begin PBXVariantGroup section */
		183440851BB2E8AE004FD207 /* Main.storyboard */ = {
			isa = PBXVariantGroup;
			children = (
				183440861BB2E8AE004FD207 /* Base */,
			);
			name = Main.storyboard;
			sourceTree = "<group>";
		};
		1834408A1BB2E8AE004FD207 /* LaunchScreen.xib */ = {
			isa = PBXVariantGroup;
			children = (
				1834408B1BB2E8AE004FD207 /* Base */,
			);
			name = LaunchScreen.xib;
			sourceTree = "<group>";
		};
/* End PBXVariantGroup section */

/* Begin XCBuildConfiguration section */
		183440991BB2E8AE004FD207 /* Debug */ = {
			isa = XCBuildConfiguration;
			buildSettings = {
				ALWAYS_SEARCH_USER_PATHS = NO;
				CLANG_CXX_LANGUAGE_STANDARD = "gnu++0x";
				CLANG_CXX_LIBRARY = "libc++";
				CLANG_ENABLE_MODULES = YES;
				CLANG_ENABLE_OBJC_ARC = YES;
				CLANG_WARN_BOOL_CONVERSION = YES;
				CLANG_WARN_CONSTANT_CONVERSION = YES;
				CLANG_WARN_DIRECT_OBJC_ISA_USAGE = YES_ERROR;
				CLANG_WARN_EMPTY_BODY = YES;
				CLANG_WARN_ENUM_CONVERSION = YES;
				CLANG_WARN_INT_CONVERSION = YES;
				CLANG_WARN_OBJC_ROOT_CLASS = YES_ERROR;
				CLANG_WARN_UNREACHABLE_CODE = YES;
				CLANG_WARN__DUPLICATE_METHOD_MATCH = YES;
				"CODE_SIGN_IDENTITY[sdk=iphoneos*]" = "iPhone Developer";
				COPY_PHASE_STRIP = NO;
				ENABLE_STRICT_OBJC_MSGSEND = YES;
				GCC_C_LANGUAGE_STANDARD = gnu99;
				GCC_DYNAMIC_NO_PIC = NO;
				GCC_OPTIMIZATION_LEVEL = 0;
				GCC_PREPROCESSOR_DEFINITIONS = (
					"DEBUG=1",
					"$(inherited)",
				);
				GCC_SYMBOLS_PRIVATE_EXTERN = NO;
				GCC_WARN_64_TO_32_BIT_CONVERSION = YES;
				GCC_WARN_ABOUT_RETURN_TYPE = YES_ERROR;
				GCC_WARN_UNDECLARED_SELECTOR = YES;
				GCC_WARN_UNINITIALIZED_AUTOS = YES_AGGRESSIVE;
				GCC_WARN_UNUSED_FUNCTION = YES;
				GCC_WARN_UNUSED_VARIABLE = YES;
				IPHONEOS_DEPLOYMENT_TARGET = 8.2;
				MTL_ENABLE_DEBUG_INFO = YES;
				ONLY_ACTIVE_ARCH = YES;
				SDKROOT = iphoneos;
			};
			name = Debug;
		};
		1834409A1BB2E8AE004FD207 /* Release */ = {
			isa = XCBuildConfiguration;
			buildSettings = {
				ALWAYS_SEARCH_USER_PATHS = NO;
				CLANG_CXX_LANGUAGE_STANDARD = "gnu++0x";
				CLANG_CXX_LIBRARY = "libc++";
				CLANG_ENABLE_MODULES = YES;
				CLANG_ENABLE_OBJC_ARC = YES;
				CLANG_WARN_BOOL_CONVERSION = YES;
				CLANG_WARN_CONSTANT_CONVERSION = YES;
				CLANG_WARN_DIRECT_OBJC_ISA_USAGE = YES_ERROR;
				CLANG_WARN_EMPTY_BODY = YES;
				CLANG_WARN_ENUM_CONVERSION = YES;
				CLANG_WARN_INT_CONVERSION = YES;
				CLANG_WARN_OBJC_ROOT_CLASS = YES_ERROR;
				CLANG_WARN_UNREACHABLE_CODE = YES;
				CLANG_WARN__DUPLICATE_METHOD_MATCH = YES;
				"CODE_SIGN_IDENTITY[sdk=iphoneos*]" = "iPhone Developer";
				COPY_PHASE_STRIP = NO;
				ENABLE_NS_ASSERTIONS = NO;
				ENABLE_STRICT_OBJC_MSGSEND = YES;
				GCC_C_LANGUAGE_STANDARD = gnu99;
				GCC_WARN_64_TO_32_BIT_CONVERSION = YES;
				GCC_WARN_ABOUT_RETURN_TYPE = YES_ERROR;
				GCC_WARN_UNDECLARED_SELECTOR = YES;
				GCC_WARN_UNINITIALIZED_AUTOS = YES_AGGRESSIVE;
				GCC_WARN_UNUSED_FUNCTION = YES;
				GCC_WARN_UNUSED_VARIABLE = YES;
				IPHONEOS_DEPLOYMENT_TARGET = 8.2;
				MTL_ENABLE_DEBUG_INFO = NO;
				SDKROOT = iphoneos;
				VALIDATE_PRODUCT = YES;
			};
			name = Release;
		};
		1834409C1BB2E8AE004FD207 /* Debug */ = {
			isa = XCBuildConfiguration;
			buildSettings = {
				ASSETCATALOG_COMPILER_APPICON_NAME = AppIcon;
				INFOPLIST_FILE = L05Include/Info.plist;
				LD_RUNPATH_SEARCH_PATHS = "$(inherited) @executable_path/Frameworks";
				PRODUCT_NAME = "$(TARGET_NAME)";
			};
			name = Debug;
		};
		1834409D1BB2E8AE004FD207 /* Release */ = {
			isa = XCBuildConfiguration;
			buildSettings = {
				ASSETCATALOG_COMPILER_APPICON_NAME = AppIcon;
				INFOPLIST_FILE = L05Include/Info.plist;
				LD_RUNPATH_SEARCH_PATHS = "$(inherited) @executable_path/Frameworks";
				PRODUCT_NAME = "$(TARGET_NAME)";
			};
			name = Release;
		};
		1834409F1BB2E8AE004FD207 /* Debug */ = {
			isa = XCBuildConfiguration;
			buildSettings = {
				BUNDLE_LOADER = "$(TEST_HOST)";
				FRAMEWORK_SEARCH_PATHS = (
					"$(SDKROOT)/Developer/Library/Frameworks",
					"$(inherited)",
				);
				GCC_PREPROCESSOR_DEFINITIONS = (
					"DEBUG=1",
					"$(inherited)",
				);
				INFOPLIST_FILE = L05IncludeTests/Info.plist;
				LD_RUNPATH_SEARCH_PATHS = "$(inherited) @executable_path/Frameworks @loader_path/Frameworks";
				PRODUCT_NAME = "$(TARGET_NAME)";
				TEST_HOST = "$(BUILT_PRODUCTS_DIR)/L05Include.app/L05Include";
			};
			name = Debug;
		};
		183440A01BB2E8AE004FD207 /* Release */ = {
			isa = XCBuildConfiguration;
			buildSettings = {
				BUNDLE_LOADER = "$(TEST_HOST)";
				FRAMEWORK_SEARCH_PATHS = (
					"$(SDKROOT)/Developer/Library/Frameworks",
					"$(inherited)",
				);
				INFOPLIST_FILE = L05IncludeTests/Info.plist;
				LD_RUNPATH_SEARCH_PATHS = "$(inherited) @executable_path/Frameworks @loader_path/Frameworks";
				PRODUCT_NAME = "$(TARGET_NAME)";
				TEST_HOST = "$(BUILT_PRODUCTS_DIR)/L05Include.app/L05Include";
			};
			name = Release;
		};
/* End XCBuildConfiguration section */

/* Begin XCConfigurationList section */
		183440731BB2E8AE004FD207 /* Build configuration list for PBXProject "L05Include" */ = {
			isa = XCConfigurationList;
			buildConfigurations = (
				183440991BB2E8AE004FD207 /* Debug */,
				1834409A1BB2E8AE004FD207 /* Release */,
			);
			defaultConfigurationIsVisible = 0;
			defaultConfigurationName = Release;
		};
		1834409B1BB2E8AE004FD207 /* Build configuration list for PBXNativeTarget "L05Include" */ = {
			isa = XCConfigurationList;
			buildConfigurations = (
				1834409C1BB2E8AE004FD207 /* Debug */,
				1834409D1BB2E8AE004FD207 /* Release */,
			);
			defaultConfigurationIsVisible = 0;
		};
		1834409E1BB2E8AE004FD207 /* Build configuration list for PBXNativeTarget "L05IncludeTests" */ = {
			isa = XCConfigurationList;
			buildConfigurations = (
				1834409F1BB2E8AE004FD207 /* Debug */,
				183440A01BB2E8AE004FD207 /* Release */,
			);
			defaultConfigurationIsVisible = 0;
		};
/* End XCConfigurationList section */
	};
	rootObject = 183440701BB2E8AE004FD207 /* Project object */;
}
